
Microsoft Visual Studio Solution File, Format Version 12.00
# Visual Studio 14
VisualStudioVersion = 14.0.25420.1
MinimumVisualStudioVersion = 10.0.40219.1
Project("{F184B08F-C81C-45F6-A57F-5ABD9991F28F}") = "LabTask2", "LabTask2\LabTask2.vbproj", "{C31002DA-2511-4045-9C09-EC1B91886737}"
EndProject
Project("{54435603-DBB4-11D2-8724-00A0C9A8B90C}") = "Setup1", "Setup1\Setup1.vdproj", "{5D584F0B-710A-442C-B010-1F665EE64C39}"
EndProject
Project("{54435603-DBB4-11D2-8724-00A0C9A8B90C}") = "LabT2", "LabT2\LabT2.vdproj", "{34E6AFB2-71E7-44D3-8B3C-06BC9C526411}"
EndProject
Global
	GlobalSection(SolutionConfigurationPlatforms) = preSolution
		Debug|Any CPU = Debug|Any CPU
		Release|Any CPU = Release|Any CPU
	EndGlobalSection
	GlobalSection(ProjectConfigurationPlatforms) = postSolution
		{C31002DA-2511-4045-9C09-EC1B91886737}.Debug|Any CPU.ActiveCfg = Debug|Any CPU
		{C31002DA-2511-4045-9C09-EC1B91886737}.Debug|Any CPU.Build.0 = Debug|Any CPU
		{C31002DA-2511-4045-9C09-EC1B91886737}.Release|Any CPU.ActiveCfg = Release|Any CPU
		{C31002DA-2511-4045-9C09-EC1B91886737}.Release|Any CPU.Build.0 = Release|Any CPU
		{5D584F0B-710A-442C-B010-1F665EE64C39}.Debug|Any CPU.ActiveCfg = Debug
		{5D584F0B-710A-442C-B010-1F665EE64C39}.Release|Any CPU.ActiveCfg = Release
		{34E6AFB2-71E7-44D3-8B3C-06BC9C526411}.Debug|Any CPU.ActiveCfg = Debug
		{34E6AFB2-71E7-44D3-8B3C-06BC9C526411}.Release|Any CPU.ActiveCfg = Release
	EndGlobalSection
	GlobalSection(SolutionProperties) = preSolution
		HideSolutionNode = FALSE
	EndGlobalSection
EndGlobal
